
Microsoft Visual Studio Solution File, Format Version 12.00
# Visual Studio Version 17
VisualStudioVersion = 17.5.002.0
MinimumVisualStudioVersion = 10.0.40219.1
Project("{9A19103F-16F7-4668-BE54-9A1E7A4F7556}") = "demonstration", "demonstration\demonstration.csproj", "{BF342CDE-9921-4BFC-B048-F7858566AC1B}"
EndProject
Global
	GlobalSection(SolutionConfigurationPlatforms) = preSolution
		Debug|Any CPU = Debug|Any CPU
		Release|Any CPU = Release|Any CPU
	EndGlobalSection
	GlobalSection(ProjectConfigurationPlatforms) = postSolution
		{BF342CDE-9921-4BFC-B048-F7858566AC1B}.Debug|Any CPU.ActiveCfg = Debug|Any CPU
		{BF342CDE-9921-4BFC-B048-F7858566AC1B}.Debug|Any CPU.Build.0 = Debug|Any CPU
		{BF342CDE-9921-4BFC-B048-F7858566AC1B}.Release|Any CPU.ActiveCfg = Release|Any CPU
		{BF342CDE-9921-4BFC-B048-F7858566AC1B}.Release|Any CPU.Build.0 = Release|Any CPU
	EndGlobalSection
	GlobalSection(SolutionProperties) = preSolution
		HideSolutionNode = FALSE
	EndGlobalSection
	GlobalSection(ExtensibilityGlobals) = postSolution
		SolutionGuid = {7FE96052-DF70-4646-ACDA-37C937E33743}
	EndGlobalSection
EndGlobal
